
Microsoft Visual Studio Solution File, Format Version 11.00
# Visual Studio 2010
Project("{FAE04EC0-301F-11D3-BF4B-00C04F79EFBC}") = "LTR", "LTR\LTR\LTR.csproj", "{686C5D9F-C080-407E-ABDD-000CB381AE18}"
EndProject
Project("{96E2B04D-8817-42C6-938A-82C39BA4D311}") = "LTRContent", "LTR\LTRContent\LTRContent.contentproj", "{04219C22-4814-4A0E-98C6-420AE335F494}"
EndProject
Global
	GlobalSection(SolutionConfigurationPlatforms) = preSolution
		Debug|x86 = Debug|x86
		Release|x86 = Release|x86
	EndGlobalSection
	GlobalSection(ProjectConfigurationPlatforms) = postSolution
		{686C5D9F-C080-407E-ABDD-000CB381AE18}.Debug|x86.ActiveCfg = Debug|x86
		{686C5D9F-C080-407E-ABDD-000CB381AE18}.Debug|x86.Build.0 = Debug|x86
		{686C5D9F-C080-407E-ABDD-000CB381AE18}.Release|x86.ActiveCfg = Release|x86
		{686C5D9F-C080-407E-ABDD-000CB381AE18}.Release|x86.Build.0 = Release|x86
		{04219C22-4814-4A0E-98C6-420AE335F494}.Debug|x86.ActiveCfg = Debug|x86
		{04219C22-4814-4A0E-98C6-420AE335F494}.Release|x86.ActiveCfg = Release|x86
	EndGlobalSection
	GlobalSection(SolutionProperties) = preSolution
		HideSolutionNode = FALSE
	EndGlobalSection
EndGlobal
