
Microsoft Visual Studio Solution File, Format Version 11.00
# Visual Studio 2010
Project("{FAE04EC0-301F-11D3-BF4B-00C04F79EFBC}") = "LTR", "LTR\LTR\LTR.csproj", "{686C5D9F-C080-407E-ABDD-000CB381AE18}"
EndProject
Project("{FAE04EC0-301F-11D3-BF4B-00C04F79EFBC}") = "LTRContent", "LTR\LTRContent\LTRContent.contentproj", "{04219C22-4814-4A0E-98C6-420AE335F494}"
EndProject
Project("{FAE04EC0-301F-11D3-BF4B-00C04F79EFBC}") = "LTR Map Editor", "LTR Map Editor\LTR Map Editor\LTR Map Editor.csproj", "{C61B8BDC-9899-4184-9B84-3998FBE96F69}"
EndProject
Project("{FAE04EC0-301F-11D3-BF4B-00C04F79EFBC}") = "LTR Map EditorContent", "LTR Map Editor\LTR Map EditorContent\LTR Map EditorContent.contentproj", "{441E04CB-95AF-4D35-B032-1ABDED2F0006}"
EndProject
Project("{FAE04EC0-301F-11D3-BF4B-00C04F79EFBC}") = "CharacterEditor", "LTR Character Editor\WindowsFormsApplication1\CharacterEditor.csproj", "{809B3E66-EB21-464C-8447-A5CE51C1CB35}"
EndProject
Project("{FAE04EC0-301F-11D3-BF4B-00C04F79EFBC}") = "WindowsGameLibrary1", "LTR Character Editor\WindowsGameLibrary1\WindowsGameLibrary1.csproj", "{8DC125C7-E616-4E59-BAB0-A61AAB9ABE73}"
EndProject
Project("{FAE04EC0-301F-11D3-BF4B-00C04F79EFBC}") = "Character Editor Content", "LTR Character Editor\Content1\Character Editor Content.contentproj", "{A7A0E247-EAF2-4DF2-B798-D39FEE9D6E2E}"
EndProject
Global
	GlobalSection(SolutionConfigurationPlatforms) = preSolution
		Debug|Any CPU = Debug|Any CPU
		Debug|x86 = Debug|x86
		Release|Any CPU = Release|Any CPU
		Release|x86 = Release|x86
	EndGlobalSection
	GlobalSection(ProjectConfigurationPlatforms) = postSolution
		{686C5D9F-C080-407E-ABDD-000CB381AE18}.Debug|Any CPU.ActiveCfg = Debug|x86
		{686C5D9F-C080-407E-ABDD-000CB381AE18}.Debug|x86.ActiveCfg = Debug|x86
		{686C5D9F-C080-407E-ABDD-000CB381AE18}.Debug|x86.Build.0 = Debug|x86
		{686C5D9F-C080-407E-ABDD-000CB381AE18}.Release|Any CPU.ActiveCfg = Release|x86
		{686C5D9F-C080-407E-ABDD-000CB381AE18}.Release|x86.ActiveCfg = Release|x86
		{686C5D9F-C080-407E-ABDD-000CB381AE18}.Release|x86.Build.0 = Release|x86
		{04219C22-4814-4A0E-98C6-420AE335F494}.Debug|Any CPU.ActiveCfg = Debug|x86
		{04219C22-4814-4A0E-98C6-420AE335F494}.Debug|x86.ActiveCfg = Debug|x86
		{04219C22-4814-4A0E-98C6-420AE335F494}.Release|Any CPU.ActiveCfg = Release|x86
		{04219C22-4814-4A0E-98C6-420AE335F494}.Release|x86.ActiveCfg = Release|x86
		{C61B8BDC-9899-4184-9B84-3998FBE96F69}.Debug|Any CPU.ActiveCfg = Debug|x86
		{C61B8BDC-9899-4184-9B84-3998FBE96F69}.Debug|x86.ActiveCfg = Debug|x86
		{C61B8BDC-9899-4184-9B84-3998FBE96F69}.Debug|x86.Build.0 = Debug|x86
		{C61B8BDC-9899-4184-9B84-3998FBE96F69}.Release|Any CPU.ActiveCfg = Release|x86
		{C61B8BDC-9899-4184-9B84-3998FBE96F69}.Release|x86.ActiveCfg = Release|x86
		{C61B8BDC-9899-4184-9B84-3998FBE96F69}.Release|x86.Build.0 = Release|x86
		{441E04CB-95AF-4D35-B032-1ABDED2F0006}.Debug|Any CPU.ActiveCfg = Debug|x86
		{441E04CB-95AF-4D35-B032-1ABDED2F0006}.Debug|x86.ActiveCfg = Debug|x86
		{441E04CB-95AF-4D35-B032-1ABDED2F0006}.Release|Any CPU.ActiveCfg = Release|x86
		{441E04CB-95AF-4D35-B032-1ABDED2F0006}.Release|x86.ActiveCfg = Release|x86
		{809B3E66-EB21-464C-8447-A5CE51C1CB35}.Debug|Any CPU.ActiveCfg = Debug|x86
		{809B3E66-EB21-464C-8447-A5CE51C1CB35}.Debug|x86.ActiveCfg = Debug|x86
		{809B3E66-EB21-464C-8447-A5CE51C1CB35}.Debug|x86.Build.0 = Debug|x86
		{809B3E66-EB21-464C-8447-A5CE51C1CB35}.Release|Any CPU.ActiveCfg = Release|x86
		{809B3E66-EB21-464C-8447-A5CE51C1CB35}.Release|x86.ActiveCfg = Release|x86
		{809B3E66-EB21-464C-8447-A5CE51C1CB35}.Release|x86.Build.0 = Release|x86
		{8DC125C7-E616-4E59-BAB0-A61AAB9ABE73}.Debug|Any CPU.ActiveCfg = Debug|x86
		{8DC125C7-E616-4E59-BAB0-A61AAB9ABE73}.Debug|x86.ActiveCfg = Debug|x86
		{8DC125C7-E616-4E59-BAB0-A61AAB9ABE73}.Debug|x86.Build.0 = Debug|x86
		{8DC125C7-E616-4E59-BAB0-A61AAB9ABE73}.Release|Any CPU.ActiveCfg = Release|x86
		{8DC125C7-E616-4E59-BAB0-A61AAB9ABE73}.Release|x86.ActiveCfg = Release|x86
		{8DC125C7-E616-4E59-BAB0-A61AAB9ABE73}.Release|x86.Build.0 = Release|x86
		{A7A0E247-EAF2-4DF2-B798-D39FEE9D6E2E}.Debug|Any CPU.ActiveCfg = Debug|Any CPU
		{A7A0E247-EAF2-4DF2-B798-D39FEE9D6E2E}.Debug|x86.ActiveCfg = Debug|Any CPU
		{A7A0E247-EAF2-4DF2-B798-D39FEE9D6E2E}.Release|Any CPU.ActiveCfg = Debug|Any CPU
		{A7A0E247-EAF2-4DF2-B798-D39FEE9D6E2E}.Release|x86.ActiveCfg = Debug|Any CPU
	EndGlobalSection
	GlobalSection(SolutionProperties) = preSolution
		HideSolutionNode = FALSE
	EndGlobalSection
EndGlobal
