
Microsoft Visual Studio Solution File, Format Version 11.00
# Visual Studio 2010
Project("{FAE04EC0-301F-11D3-BF4B-00C04F79EFBC}") = "LTR", "LTR\LTR\LTR.csproj", "{686C5D9F-C080-407E-ABDD-000CB381AE18}"
EndProject
Project("{FAE04EC0-301F-11D3-BF4B-00C04F79EFBC}") = "LTRContent", "LTR\LTRContent\LTRContent.contentproj", "{04219C22-4814-4A0E-98C6-420AE335F494}"
EndProject
Project("{FAE04EC0-301F-11D3-BF4B-00C04F79EFBC}") = "LTR Map Editor", "LTR Map Editor\LTR Map Editor\LTR Map Editor.csproj", "{C61B8BDC-9899-4184-9B84-3998FBE96F69}"
EndProject
Project("{FAE04EC0-301F-11D3-BF4B-00C04F79EFBC}") = "LTR Map EditorContent", "LTR Map Editor\LTR Map EditorContent\LTR Map EditorContent.contentproj", "{441E04CB-95AF-4D35-B032-1ABDED2F0006}"
EndProject
Project("{FAE04EC0-301F-11D3-BF4B-00C04F79EFBC}") = "CharacterEditor", "LTR Character Editor\Character Editor Application\CharacterEditor.csproj", "{809B3E66-EB21-464C-8447-A5CE51C1CB35}"
EndProject
Project("{96E2B04D-8817-42C6-938A-82C39BA4D311}") = "CEContent", "LTR Character Editor\CharacterEditiorContent\CEContent.contentproj", "{AC4EDAC0-5DD1-41C7-89FD-39870A59A3F5}"
EndProject
Project("{FAE04EC0-301F-11D3-BF4B-00C04F79EFBC}") = "CharacterEditor_ContentLibrary", "LTR Character Editor\CharacterEditor_ContentLibrary\CharacterEditor_ContentLibrary.csproj", "{878C83FB-75AF-4E9A-A3A6-59F0444DB9D4}"
EndProject
Global
	GlobalSection(SolutionConfigurationPlatforms) = preSolution
		Debug|Any CPU = Debug|Any CPU
		Debug|x86 = Debug|x86
		Release|Any CPU = Release|Any CPU
		Release|x86 = Release|x86
	EndGlobalSection
	GlobalSection(ProjectConfigurationPlatforms) = postSolution
		{686C5D9F-C080-407E-ABDD-000CB381AE18}.Debug|Any CPU.ActiveCfg = Debug|x86
		{686C5D9F-C080-407E-ABDD-000CB381AE18}.Debug|x86.ActiveCfg = Debug|x86
		{686C5D9F-C080-407E-ABDD-000CB381AE18}.Debug|x86.Build.0 = Debug|x86
		{686C5D9F-C080-407E-ABDD-000CB381AE18}.Release|Any CPU.ActiveCfg = Release|x86
		{686C5D9F-C080-407E-ABDD-000CB381AE18}.Release|x86.ActiveCfg = Release|x86
		{686C5D9F-C080-407E-ABDD-000CB381AE18}.Release|x86.Build.0 = Release|x86
		{04219C22-4814-4A0E-98C6-420AE335F494}.Debug|Any CPU.ActiveCfg = Debug|x86
		{04219C22-4814-4A0E-98C6-420AE335F494}.Debug|x86.ActiveCfg = Debug|x86
		{04219C22-4814-4A0E-98C6-420AE335F494}.Release|Any CPU.ActiveCfg = Release|x86
		{04219C22-4814-4A0E-98C6-420AE335F494}.Release|x86.ActiveCfg = Release|x86
		{C61B8BDC-9899-4184-9B84-3998FBE96F69}.Debug|Any CPU.ActiveCfg = Debug|x86
		{C61B8BDC-9899-4184-9B84-3998FBE96F69}.Debug|x86.ActiveCfg = Debug|x86
		{C61B8BDC-9899-4184-9B84-3998FBE96F69}.Debug|x86.Build.0 = Debug|x86
		{C61B8BDC-9899-4184-9B84-3998FBE96F69}.Release|Any CPU.ActiveCfg = Release|x86
		{C61B8BDC-9899-4184-9B84-3998FBE96F69}.Release|x86.ActiveCfg = Release|x86
		{C61B8BDC-9899-4184-9B84-3998FBE96F69}.Release|x86.Build.0 = Release|x86
		{441E04CB-95AF-4D35-B032-1ABDED2F0006}.Debug|Any CPU.ActiveCfg = Debug|x86
		{441E04CB-95AF-4D35-B032-1ABDED2F0006}.Debug|x86.ActiveCfg = Debug|x86
		{441E04CB-95AF-4D35-B032-1ABDED2F0006}.Release|Any CPU.ActiveCfg = Release|x86
		{441E04CB-95AF-4D35-B032-1ABDED2F0006}.Release|x86.ActiveCfg = Release|x86
		{809B3E66-EB21-464C-8447-A5CE51C1CB35}.Debug|Any CPU.ActiveCfg = Debug|x86
		{809B3E66-EB21-464C-8447-A5CE51C1CB35}.Debug|x86.ActiveCfg = Debug|x86
		{809B3E66-EB21-464C-8447-A5CE51C1CB35}.Debug|x86.Build.0 = Debug|x86
		{809B3E66-EB21-464C-8447-A5CE51C1CB35}.Release|Any CPU.ActiveCfg = Release|x86
		{809B3E66-EB21-464C-8447-A5CE51C1CB35}.Release|x86.ActiveCfg = Release|x86
		{809B3E66-EB21-464C-8447-A5CE51C1CB35}.Release|x86.Build.0 = Release|x86
		{AC4EDAC0-5DD1-41C7-89FD-39870A59A3F5}.Debug|Any CPU.ActiveCfg = Debug|Any CPU
		{AC4EDAC0-5DD1-41C7-89FD-39870A59A3F5}.Debug|x86.ActiveCfg = Debug|Any CPU
		{AC4EDAC0-5DD1-41C7-89FD-39870A59A3F5}.Release|Any CPU.ActiveCfg = Debug|Any CPU
		{AC4EDAC0-5DD1-41C7-89FD-39870A59A3F5}.Release|x86.ActiveCfg = Debug|Any CPU
		{878C83FB-75AF-4E9A-A3A6-59F0444DB9D4}.Debug|Any CPU.ActiveCfg = Debug|x86
		{878C83FB-75AF-4E9A-A3A6-59F0444DB9D4}.Debug|x86.ActiveCfg = Debug|x86
		{878C83FB-75AF-4E9A-A3A6-59F0444DB9D4}.Debug|x86.Build.0 = Debug|x86
		{878C83FB-75AF-4E9A-A3A6-59F0444DB9D4}.Release|Any CPU.ActiveCfg = Release|x86
		{878C83FB-75AF-4E9A-A3A6-59F0444DB9D4}.Release|x86.ActiveCfg = Release|x86
		{878C83FB-75AF-4E9A-A3A6-59F0444DB9D4}.Release|x86.Build.0 = Release|x86
	EndGlobalSection
	GlobalSection(SolutionProperties) = preSolution
		HideSolutionNode = FALSE
	EndGlobalSection
EndGlobal
